
Microsoft Visual Studio Solution File, Format Version 12.00
# Visual Studio 15
VisualStudioVersion = 15.0.27428.2043
MinimumVisualStudioVersion = 10.0.40219.1
Project("{FAE04EC0-301F-11D3-BF4B-00C04F79EFBC}") = "TelefonosCRUD", "TelefonosCRUD\TelefonosCRUD.csproj", "{418A27EA-F6BB-4A3A-B2F4-EF9ABCB8FD91}"
EndProject
Global
	GlobalSection(SolutionConfigurationPlatforms) = preSolution
		Debug|Any CPU = Debug|Any CPU
		Release|Any CPU = Release|Any CPU
	EndGlobalSection
	GlobalSection(ProjectConfigurationPlatforms) = postSolution
		{418A27EA-F6BB-4A3A-B2F4-EF9ABCB8FD91}.Debug|Any CPU.ActiveCfg = Debug|Any CPU
		{418A27EA-F6BB-4A3A-B2F4-EF9ABCB8FD91}.Debug|Any CPU.Build.0 = Debug|Any CPU
		{418A27EA-F6BB-4A3A-B2F4-EF9ABCB8FD91}.Release|Any CPU.ActiveCfg = Release|Any CPU
		{418A27EA-F6BB-4A3A-B2F4-EF9ABCB8FD91}.Release|Any CPU.Build.0 = Release|Any CPU
	EndGlobalSection
	GlobalSection(SolutionProperties) = preSolution
		HideSolutionNode = FALSE
	EndGlobalSection
	GlobalSection(ExtensibilityGlobals) = postSolution
		SolutionGuid = {9D2B678A-0B56-4573-B454-7EE50400309B}
	EndGlobalSection
EndGlobal
